
Microsoft Visual Studio Solution File, Format Version 12.00
# Visual Studio 15
VisualStudioVersion = 15.0.27130.2010
MinimumVisualStudioVersion = 10.0.40219.1
Project("{FAE04EC0-301F-11D3-BF4B-00C04F79EFBC}") = "br.net.maveric.util", "br.net.maveric.util\br.net.maveric.util.csproj", "{A26761E0-93D8-41A6-B610-5C6EAB17ABB7}"
EndProject
Global
	GlobalSection(SolutionConfigurationPlatforms) = preSolution
		Debug|Any CPU = Debug|Any CPU
		Release|Any CPU = Release|Any CPU
	EndGlobalSection
	GlobalSection(ProjectConfigurationPlatforms) = postSolution
		{A26761E0-93D8-41A6-B610-5C6EAB17ABB7}.Debug|Any CPU.ActiveCfg = Debug|Any CPU
		{A26761E0-93D8-41A6-B610-5C6EAB17ABB7}.Debug|Any CPU.Build.0 = Debug|Any CPU
		{A26761E0-93D8-41A6-B610-5C6EAB17ABB7}.Release|Any CPU.ActiveCfg = Release|Any CPU
		{A26761E0-93D8-41A6-B610-5C6EAB17ABB7}.Release|Any CPU.Build.0 = Release|Any CPU
	EndGlobalSection
	GlobalSection(SolutionProperties) = preSolution
		HideSolutionNode = FALSE
	EndGlobalSection
	GlobalSection(ExtensibilityGlobals) = postSolution
		SolutionGuid = {0607082D-95F6-4B7A-97AB-DE287F635998}
	EndGlobalSection
EndGlobal
